
Microsoft Visual Studio Solution File, Format Version 12.00
# Visual Studio 2012
Project("{2150E333-8FDC-42A3-9474-1A3956D46DE8}") = "Solution Items", "Solution Items", "{5FF10F96-A00D-4B5F-B859-30D4041B272D}"
	ProjectSection(SolutionItems) = preProject
		LICENSE.txt = LICENSE.txt
		Pack Nuget.bat = Pack Nuget.bat
		README.md = README.md
	EndProjectSection
EndProject
Project("{FAE04EC0-301F-11D3-BF4B-00C04F79EFBC}") = "HeadNode", "HeadNode\HeadNode.csproj", "{3E582D6A-A350-4108-8D5A-295C7BE890B0}"
EndProject
Project("{FAE04EC0-301F-11D3-BF4B-00C04F79EFBC}") = "HeadNode.UnitTests", "HeadNode.UnitTests\HeadNode.UnitTests.csproj", "{9181D8FA-29B9-4102-97CA-B2CC58AD5AE1}"
EndProject
Project("{FAE04EC0-301F-11D3-BF4B-00C04F79EFBC}") = "WorkerNode", "WorkerNode\WorkerNode.csproj", "{D4AFA96E-D09F-4A1A-B132-965F341C9920}"
EndProject
Project("{FAE04EC0-301F-11D3-BF4B-00C04F79EFBC}") = "Common", "Common\Common.csproj", "{D92EFE92-1438-40A9-A01A-5FFA2A4BC0FA}"
EndProject
Project("{2150E333-8FDC-42A3-9474-1A3956D46DE8}") = ".nuget", ".nuget", "{EEA0706F-4F8D-4C98-92A3-DB7D3F49FDEC}"
	ProjectSection(SolutionItems) = preProject
		.nuget\NuGet.Config = .nuget\NuGet.Config
		.nuget\NuGet.exe = .nuget\NuGet.exe
		.nuget\NuGet.targets = .nuget\NuGet.targets
	EndProjectSection
EndProject
Project("{FAE04EC0-301F-11D3-BF4B-00C04F79EFBC}") = "Queues", "Queues\Queues.csproj", "{AE8A32BC-5AA0-4BE6-8523-2EEF683D35CF}"
EndProject
Global
	GlobalSection(SolutionConfigurationPlatforms) = preSolution
		Debug|Any CPU = Debug|Any CPU
		Release|Any CPU = Release|Any CPU
	EndGlobalSection
	GlobalSection(ProjectConfigurationPlatforms) = postSolution
		{3E582D6A-A350-4108-8D5A-295C7BE890B0}.Debug|Any CPU.ActiveCfg = Debug|Any CPU
		{3E582D6A-A350-4108-8D5A-295C7BE890B0}.Debug|Any CPU.Build.0 = Debug|Any CPU
		{3E582D6A-A350-4108-8D5A-295C7BE890B0}.Release|Any CPU.ActiveCfg = Release|Any CPU
		{3E582D6A-A350-4108-8D5A-295C7BE890B0}.Release|Any CPU.Build.0 = Release|Any CPU
		{9181D8FA-29B9-4102-97CA-B2CC58AD5AE1}.Debug|Any CPU.ActiveCfg = Debug|Any CPU
		{9181D8FA-29B9-4102-97CA-B2CC58AD5AE1}.Debug|Any CPU.Build.0 = Debug|Any CPU
		{9181D8FA-29B9-4102-97CA-B2CC58AD5AE1}.Release|Any CPU.ActiveCfg = Release|Any CPU
		{9181D8FA-29B9-4102-97CA-B2CC58AD5AE1}.Release|Any CPU.Build.0 = Release|Any CPU
		{D4AFA96E-D09F-4A1A-B132-965F341C9920}.Debug|Any CPU.ActiveCfg = Debug|Any CPU
		{D4AFA96E-D09F-4A1A-B132-965F341C9920}.Debug|Any CPU.Build.0 = Debug|Any CPU
		{D4AFA96E-D09F-4A1A-B132-965F341C9920}.Release|Any CPU.ActiveCfg = Release|Any CPU
		{D4AFA96E-D09F-4A1A-B132-965F341C9920}.Release|Any CPU.Build.0 = Release|Any CPU
		{D92EFE92-1438-40A9-A01A-5FFA2A4BC0FA}.Debug|Any CPU.ActiveCfg = Debug|Any CPU
		{D92EFE92-1438-40A9-A01A-5FFA2A4BC0FA}.Debug|Any CPU.Build.0 = Debug|Any CPU
		{D92EFE92-1438-40A9-A01A-5FFA2A4BC0FA}.Release|Any CPU.ActiveCfg = Release|Any CPU
		{D92EFE92-1438-40A9-A01A-5FFA2A4BC0FA}.Release|Any CPU.Build.0 = Release|Any CPU
		{AE8A32BC-5AA0-4BE6-8523-2EEF683D35CF}.Debug|Any CPU.ActiveCfg = Debug|Any CPU
		{AE8A32BC-5AA0-4BE6-8523-2EEF683D35CF}.Debug|Any CPU.Build.0 = Debug|Any CPU
		{AE8A32BC-5AA0-4BE6-8523-2EEF683D35CF}.Release|Any CPU.ActiveCfg = Release|Any CPU
		{AE8A32BC-5AA0-4BE6-8523-2EEF683D35CF}.Release|Any CPU.Build.0 = Release|Any CPU
	EndGlobalSection
	GlobalSection(SolutionProperties) = preSolution
		HideSolutionNode = FALSE
	EndGlobalSection
EndGlobal
